// !$*UTF8*$!
{
	archiveVersion = 1;
	classes = {
	};
	objectVersion = 56;
	objects = {

/* Begin PBXBuildFile section */
		10B1A0012C28A00100000001 /* CookLogApp.swift in Sources */ = {isa = PBXBuildFile; fileRef = 10B1A0102C28A00100000001 /* CookLogApp.swift */; };
		10B1A0022C28A00100000001 /* ContentView.swift in Sources */ = {isa = PBXBuildFile; fileRef = 10B1A0112C28A00100000001 /* ContentView.swift */; };
		10B1A0032C28A00100000001 /* CookLogTests.swift in Sources */ = {isa = PBXBuildFile; fileRef = 10B1A0122C28A00100000001 /* CookLogTests.swift */; };
		10B1B0012C28B00100000001 /* RecipeSource.swift in Sources */ = {isa = PBXBuildFile; fileRef = 10B1B0302C28B00100000001 /* RecipeSource.swift */; };
		10B1B0022C28B00100000001 /* SyncStatus.swift in Sources */ = {isa = PBXBuildFile; fileRef = 10B1B0312C28B00100000001 /* SyncStatus.swift */; };
		10B1B0032C28B00100000001 /* Ingredient.swift in Sources */ = {isa = PBXBuildFile; fileRef = 10B1B0322C28B00100000001 /* Ingredient.swift */; };
		10B1B0042C28B00100000001 /* RecipeStep.swift in Sources */ = {isa = PBXBuildFile; fileRef = 10B1B0332C28B00100000001 /* RecipeStep.swift */; };
		10B1B0052C28B00100000001 /* StepPreview.swift in Sources */ = {isa = PBXBuildFile; fileRef = 10B1B0342C28B00100000001 /* StepPreview.swift */; };
		10B1B0062C28B00100000001 /* CookingLogSession.swift in Sources */ = {isa = PBXBuildFile; fileRef = 10B1B0352C28B00100000001 /* CookingLogSession.swift */; };
		10B1B0072C28B00100000001 /* Recipe.swift in Sources */ = {isa = PBXBuildFile; fileRef = 10B1B0362C28B00100000001 /* Recipe.swift */; };
		10B1B0082C28B00100000001 /* RecipeDraft.swift in Sources */ = {isa = PBXBuildFile; fileRef = 10B1B0372C28B00100000001 /* RecipeDraft.swift */; };
		10B1B0092C28B00100000001 /* RecipeGenerationInput.swift in Sources */ = {isa = PBXBuildFile; fileRef = 10B1B0382C28B00100000001 /* RecipeGenerationInput.swift */; };
		10B1B00A2C28B00100000001 /* RecipeRepository.swift in Sources */ = {isa = PBXBuildFile; fileRef = 10B1B0392C28B00100000001 /* RecipeRepository.swift */; };
		10B1B00B2C28B00100000001 /* RecipeGenerationRepository.swift in Sources */ = {isa = PBXBuildFile; fileRef = 10B1B03A2C28B00100000001 /* RecipeGenerationRepository.swift */; };
		10B1B00C2C28B00100000001 /* RecipeLocalDataSource.swift in Sources */ = {isa = PBXBuildFile; fileRef = 10B1B03B2C28B00100000001 /* RecipeLocalDataSource.swift */; };
		10B1B00D2C28B00100000001 /* RecipeAIDataSource.swift in Sources */ = {isa = PBXBuildFile; fileRef = 10B1B03C2C28B00100000001 /* RecipeAIDataSource.swift */; };
		10B1B00E2C28B00100000001 /* SpeechAuthorizationStatus.swift in Sources */ = {isa = PBXBuildFile; fileRef = 10B1B03D2C28B00100000001 /* SpeechAuthorizationStatus.swift */; };
		10B1B00F2C28B00100000001 /* SpeechRecognitionService.swift in Sources */ = {isa = PBXBuildFile; fileRef = 10B1B03E2C28B00100000001 /* SpeechRecognitionService.swift */; };
		10B1B0102C28B00100000001 /* AudioGuideService.swift in Sources */ = {isa = PBXBuildFile; fileRef = 10B1B03F2C28B00100000001 /* AudioGuideService.swift */; };
		10B1B0112C28B00100000001 /* FetchRecipesUseCase.swift in Sources */ = {isa = PBXBuildFile; fileRef = 10B1B0402C28B00100000001 /* FetchRecipesUseCase.swift */; };
		10B1B0122C28B00100000001 /* FetchRecipeUseCase.swift in Sources */ = {isa = PBXBuildFile; fileRef = 10B1B0412C28B00100000001 /* FetchRecipeUseCase.swift */; };
		10B1B0132C28B00100000001 /* SaveRecipeUseCase.swift in Sources */ = {isa = PBXBuildFile; fileRef = 10B1B0422C28B00100000001 /* SaveRecipeUseCase.swift */; };
		10B1B0142C28B00100000001 /* DeleteRecipeUseCase.swift in Sources */ = {isa = PBXBuildFile; fileRef = 10B1B0432C28B00100000001 /* DeleteRecipeUseCase.swift */; };
		10B1B0152C28B00100000001 /* AddStepPreviewUseCase.swift in Sources */ = {isa = PBXBuildFile; fileRef = 10B1B0442C28B00100000001 /* AddStepPreviewUseCase.swift */; };
		10B1B0162C28B00100000001 /* GenerateRecipeDraftUseCase.swift in Sources */ = {isa = PBXBuildFile; fileRef = 10B1B0452C28B00100000001 /* GenerateRecipeDraftUseCase.swift */; };
		10B1B0172C28B00100000001 /* PlayRecipeStepUseCase.swift in Sources */ = {isa = PBXBuildFile; fileRef = 10B1B0462C28B00100000001 /* PlayRecipeStepUseCase.swift */; };
		10B1B0182C28B00100000001 /* AddStepPreviewUseCaseTests.swift in Sources */ = {isa = PBXBuildFile; fileRef = 10B1B0472C28B00100000001 /* AddStepPreviewUseCaseTests.swift */; };
		10B1C0012C28C00100000001 /* DefaultRecipeRepository.swift in Sources */ = {isa = PBXBuildFile; fileRef = 10B1C0202C28C00100000001 /* DefaultRecipeRepository.swift */; };
		10B1C0022C28C00100000001 /* DefaultRecipeGenerationRepository.swift in Sources */ = {isa = PBXBuildFile; fileRef = 10B1C0212C28C00100000001 /* DefaultRecipeGenerationRepository.swift */; };
		10B1C0032C28C00100000001 /* InMemoryRecipeLocalDataSource.swift in Sources */ = {isa = PBXBuildFile; fileRef = 10B1C0222C28C00100000001 /* InMemoryRecipeLocalDataSource.swift */; };
		10B1C0042C28C00100000001 /* MockRecipeAIDataSource.swift in Sources */ = {isa = PBXBuildFile; fileRef = 10B1C0232C28C00100000001 /* MockRecipeAIDataSource.swift */; };
		10B1C0052C28C00100000001 /* MockSpeechRecognitionService.swift in Sources */ = {isa = PBXBuildFile; fileRef = 10B1C0242C28C00100000001 /* MockSpeechRecognitionService.swift */; };
		10B1C0062C28C00100000001 /* MockAudioGuideService.swift in Sources */ = {isa = PBXBuildFile; fileRef = 10B1C0252C28C00100000001 /* MockAudioGuideService.swift */; };
		10B1C0072C28C00100000001 /* SampleStepPreviews.swift in Sources */ = {isa = PBXBuildFile; fileRef = 10B1C0262C28C00100000001 /* SampleStepPreviews.swift */; };
		10B1C0082C28C00100000001 /* SampleRecipes.swift in Sources */ = {isa = PBXBuildFile; fileRef = 10B1C0272C28C00100000001 /* SampleRecipes.swift */; };
		10B1C0092C28C00100000001 /* DefaultRecipeRepositoryTests.swift in Sources */ = {isa = PBXBuildFile; fileRef = 10B1C0282C28C00100000001 /* DefaultRecipeRepositoryTests.swift */; };
		10B1C00A2C28C00100000001 /* GenerateRecipeDraftUseCaseTests.swift in Sources */ = {isa = PBXBuildFile; fileRef = 10B1C0292C28C00100000001 /* GenerateRecipeDraftUseCaseTests.swift */; };
		10B1D0012C28D00100000001 /* AppRoute.swift in Sources */ = {isa = PBXBuildFile; fileRef = 10B1D0202C28D00100000001 /* AppRoute.swift */; };
		10B1D0022C28D00100000001 /* AppEnvironment.swift in Sources */ = {isa = PBXBuildFile; fileRef = 10B1D0212C28D00100000001 /* AppEnvironment.swift */; };
		10B1D0032C28D00100000001 /* HomeView.swift in Sources */ = {isa = PBXBuildFile; fileRef = 10B1D0222C28D00100000001 /* HomeView.swift */; };
		10B1D0042C28D00100000001 /* HomeViewModel.swift in Sources */ = {isa = PBXBuildFile; fileRef = 10B1D0232C28D00100000001 /* HomeViewModel.swift */; };
		10B1D0052C28D00100000001 /* RecipeRowView.swift in Sources */ = {isa = PBXBuildFile; fileRef = 10B1D0242C28D00100000001 /* RecipeRowView.swift */; };
		10B1D0062C28D00100000001 /* HomeViewModelTests.swift in Sources */ = {isa = PBXBuildFile; fileRef = 10B1D0252C28D00100000001 /* HomeViewModelTests.swift */; };
		10B1E0012C28E00100000001 /* RecordingState.swift in Sources */ = {isa = PBXBuildFile; fileRef = 10B1E0202C28E00100000001 /* RecordingState.swift */; };
		10B1E0022C28E00100000001 /* CookingLogViewModel.swift in Sources */ = {isa = PBXBuildFile; fileRef = 10B1E0212C28E00100000001 /* CookingLogViewModel.swift */; };
		10B1E0032C28E00100000001 /* CookingLogView.swift in Sources */ = {isa = PBXBuildFile; fileRef = 10B1E0222C28E00100000001 /* CookingLogView.swift */; };
		10B1E0042C28E00100000001 /* StepPreviewRowView.swift in Sources */ = {isa = PBXBuildFile; fileRef = 10B1E0232C28E00100000001 /* StepPreviewRowView.swift */; };
		10B1E0052C28E00100000001 /* CookingLogViewModelTests.swift in Sources */ = {isa = PBXBuildFile; fileRef = 10B1E0242C28E00100000001 /* CookingLogViewModelTests.swift */; };
		10B1F0012C28F00100000001 /* AIReviewView.swift in Sources */ = {isa = PBXBuildFile; fileRef = 10B1F0202C28F00100000001 /* AIReviewView.swift */; };
		10B1F0022C28F00100000001 /* AIReviewViewModel.swift in Sources */ = {isa = PBXBuildFile; fileRef = 10B1F0212C28F00100000001 /* AIReviewViewModel.swift */; };
		10B1F0032C28F00100000001 /* IngredientEditorRowView.swift in Sources */ = {isa = PBXBuildFile; fileRef = 10B1F0222C28F00100000001 /* IngredientEditorRowView.swift */; };
		10B1F0042C28F00100000001 /* RecipeStepEditorRowView.swift in Sources */ = {isa = PBXBuildFile; fileRef = 10B1F0232C28F00100000001 /* RecipeStepEditorRowView.swift */; };
		10B1F0052C28F00100000001 /* AIReviewViewModelTests.swift in Sources */ = {isa = PBXBuildFile; fileRef = 10B1F0242C28F00100000001 /* AIReviewViewModelTests.swift */; };
		10B200012C29000100000001 /* RecipeDetailView.swift in Sources */ = {isa = PBXBuildFile; fileRef = 10B200202C29000100000001 /* RecipeDetailView.swift */; };
		10B200022C29000100000001 /* RecipeDetailViewModel.swift in Sources */ = {isa = PBXBuildFile; fileRef = 10B200212C29000100000001 /* RecipeDetailViewModel.swift */; };
		10B200032C29000100000001 /* IngredientListView.swift in Sources */ = {isa = PBXBuildFile; fileRef = 10B200222C29000100000001 /* IngredientListView.swift */; };
		10B200042C29000100000001 /* RecipeStepListView.swift in Sources */ = {isa = PBXBuildFile; fileRef = 10B200232C29000100000001 /* RecipeStepListView.swift */; };
		10B200062C29000100000001 /* RecipeDetailViewModelTests.swift in Sources */ = {isa = PBXBuildFile; fileRef = 10B200252C29000100000001 /* RecipeDetailViewModelTests.swift */; };
		10B201012C29100100000001 /* AudioPlayerView.swift in Sources */ = {isa = PBXBuildFile; fileRef = 10B201202C29100100000001 /* AudioPlayerView.swift */; };
		10B201022C29100100000001 /* AudioPlayerViewModel.swift in Sources */ = {isa = PBXBuildFile; fileRef = 10B201212C29100100000001 /* AudioPlayerViewModel.swift */; };
		10B201032C29100100000001 /* AudioPlayerControlBarView.swift in Sources */ = {isa = PBXBuildFile; fileRef = 10B201222C29100100000001 /* AudioPlayerControlBarView.swift */; };
		10B201042C29100100000001 /* AudioPlayerViewModelTests.swift in Sources */ = {isa = PBXBuildFile; fileRef = 10B201232C29100100000001 /* AudioPlayerViewModelTests.swift */; };
		10B202012C29200100000001 /* PersistentRecipe.swift in Sources */ = {isa = PBXBuildFile; fileRef = 10B202202C29200100000001 /* PersistentRecipe.swift */; };
		10B202022C29200100000001 /* PersistentIngredient.swift in Sources */ = {isa = PBXBuildFile; fileRef = 10B202212C29200100000001 /* PersistentIngredient.swift */; };
		10B202032C29200100000001 /* PersistentRecipeStep.swift in Sources */ = {isa = PBXBuildFile; fileRef = 10B202222C29200100000001 /* PersistentRecipeStep.swift */; };
		10B202042C29200100000001 /* RecipePersistenceMapper.swift in Sources */ = {isa = PBXBuildFile; fileRef = 10B202232C29200100000001 /* RecipePersistenceMapper.swift */; };
		10B202052C29200100000001 /* SwiftDataRecipeLocalDataSource.swift in Sources */ = {isa = PBXBuildFile; fileRef = 10B202242C29200100000001 /* SwiftDataRecipeLocalDataSource.swift */; };
		10B202062C29200100000001 /* RecipePersistenceMapperTests.swift in Sources */ = {isa = PBXBuildFile; fileRef = 10B202252C29200100000001 /* RecipePersistenceMapperTests.swift */; };
		10B202072C29200100000001 /* SwiftDataRecipeLocalDataSourceTests.swift in Sources */ = {isa = PBXBuildFile; fileRef = 10B202262C29200100000001 /* SwiftDataRecipeLocalDataSourceTests.swift */; };
		10B204012C29400100000001 /* T-20260805-002-legacy.store.b64 in Resources */ = {isa = PBXBuildFile; fileRef = 10B204202C29400100000001 /* T-20260805-002-legacy.store.b64 */; };
/* End PBXBuildFile section */

/* Begin PBXContainerItemProxy section */
		10B1A0202C28A00100000001 /* PBXContainerItemProxy */ = {
			isa = PBXContainerItemProxy;
			containerPortal = 10B1A0302C28A00100000001 /* Project object */;
			proxyType = 1;
			remoteGlobalIDString = 10B1A0402C28A00100000001;
			remoteInfo = CookLog;
		};
/* End PBXContainerItemProxy section */

/* Begin PBXFileReference section */
		10B1A0102C28A00100000001 /* CookLogApp.swift */ = {isa = PBXFileReference; lastKnownFileType = sourcecode.swift; path = CookLogApp.swift; sourceTree = "<group>"; };
		10B1A0112C28A00100000001 /* ContentView.swift */ = {isa = PBXFileReference; lastKnownFileType = sourcecode.swift; path = ContentView.swift; sourceTree = "<group>"; };
		10B1A0122C28A00100000001 /* CookLogTests.swift */ = {isa = PBXFileReference; lastKnownFileType = sourcecode.swift; path = CookLogTests.swift; sourceTree = "<group>"; };
		10B1A0132C28A00100000001 /* Info.plist */ = {isa = PBXFileReference; lastKnownFileType = text.plist.xml; path = Info.plist; sourceTree = "<group>"; };
		10B1A0142C28A00100000001 /* CookLog.app */ = {isa = PBXFileReference; explicitFileType = wrapper.application; includeInIndex = 0; path = CookLog.app; sourceTree = BUILT_PRODUCTS_DIR; };
		10B1A0152C28A00100000001 /* CookLogTests.xctest */ = {isa = PBXFileReference; explicitFileType = wrapper.cfbundle; includeInIndex = 0; path = CookLogTests.xctest; sourceTree = BUILT_PRODUCTS_DIR; };
		10B1B0302C28B00100000001 /* RecipeSource.swift */ = {isa = PBXFileReference; lastKnownFileType = sourcecode.swift; path = RecipeSource.swift; sourceTree = "<group>"; };
		10B1B0312C28B00100000001 /* SyncStatus.swift */ = {isa = PBXFileReference; lastKnownFileType = sourcecode.swift; path = SyncStatus.swift; sourceTree = "<group>"; };
		10B1B0322C28B00100000001 /* Ingredient.swift */ = {isa = PBXFileReference; lastKnownFileType = sourcecode.swift; path = Ingredient.swift; sourceTree = "<group>"; };
		10B1B0332C28B00100000001 /* RecipeStep.swift */ = {isa = PBXFileReference; lastKnownFileType = sourcecode.swift; path = RecipeStep.swift; sourceTree = "<group>"; };
		10B1B0342C28B00100000001 /* StepPreview.swift */ = {isa = PBXFileReference; lastKnownFileType = sourcecode.swift; path = StepPreview.swift; sourceTree = "<group>"; };
		10B1B0352C28B00100000001 /* CookingLogSession.swift */ = {isa = PBXFileReference; lastKnownFileType = sourcecode.swift; path = CookingLogSession.swift; sourceTree = "<group>"; };
		10B1B0362C28B00100000001 /* Recipe.swift */ = {isa = PBXFileReference; lastKnownFileType = sourcecode.swift; path = Recipe.swift; sourceTree = "<group>"; };
		10B1B0372C28B00100000001 /* RecipeDraft.swift */ = {isa = PBXFileReference; lastKnownFileType = sourcecode.swift; path = RecipeDraft.swift; sourceTree = "<group>"; };
		10B1B0382C28B00100000001 /* RecipeGenerationInput.swift */ = {isa = PBXFileReference; lastKnownFileType = sourcecode.swift; path = RecipeGenerationInput.swift; sourceTree = "<group>"; };
		10B1B0392C28B00100000001 /* RecipeRepository.swift */ = {isa = PBXFileReference; lastKnownFileType = sourcecode.swift; path = RecipeRepository.swift; sourceTree = "<group>"; };
		10B1B03A2C28B00100000001 /* RecipeGenerationRepository.swift */ = {isa = PBXFileReference; lastKnownFileType = sourcecode.swift; path = RecipeGenerationRepository.swift; sourceTree = "<group>"; };
		10B1B03B2C28B00100000001 /* RecipeLocalDataSource.swift */ = {isa = PBXFileReference; lastKnownFileType = sourcecode.swift; path = RecipeLocalDataSource.swift; sourceTree = "<group>"; };
		10B1B03C2C28B00100000001 /* RecipeAIDataSource.swift */ = {isa = PBXFileReference; lastKnownFileType = sourcecode.swift; path = RecipeAIDataSource.swift; sourceTree = "<group>"; };
		10B1B03D2C28B00100000001 /* SpeechAuthorizationStatus.swift */ = {isa = PBXFileReference; lastKnownFileType = sourcecode.swift; path = SpeechAuthorizationStatus.swift; sourceTree = "<group>"; };
		10B1B03E2C28B00100000001 /* SpeechRecognitionService.swift */ = {isa = PBXFileReference; lastKnownFileType = sourcecode.swift; path = SpeechRecognitionService.swift; sourceTree = "<group>"; };
		10B1B03F2C28B00100000001 /* AudioGuideService.swift */ = {isa = PBXFileReference; lastKnownFileType = sourcecode.swift; path = AudioGuideService.swift; sourceTree = "<group>"; };
		10B1B0402C28B00100000001 /* FetchRecipesUseCase.swift */ = {isa = PBXFileReference; lastKnownFileType = sourcecode.swift; path = FetchRecipesUseCase.swift; sourceTree = "<group>"; };
		10B1B0412C28B00100000001 /* FetchRecipeUseCase.swift */ = {isa = PBXFileReference; lastKnownFileType = sourcecode.swift; path = FetchRecipeUseCase.swift; sourceTree = "<group>"; };
		10B1B0422C28B00100000001 /* SaveRecipeUseCase.swift */ = {isa = PBXFileReference; lastKnownFileType = sourcecode.swift; path = SaveRecipeUseCase.swift; sourceTree = "<group>"; };
		10B1B0432C28B00100000001 /* DeleteRecipeUseCase.swift */ = {isa = PBXFileReference; lastKnownFileType = sourcecode.swift; path = DeleteRecipeUseCase.swift; sourceTree = "<group>"; };
		10B1B0442C28B00100000001 /* AddStepPreviewUseCase.swift */ = {isa = PBXFileReference; lastKnownFileType = sourcecode.swift; path = AddStepPreviewUseCase.swift; sourceTree = "<group>"; };
		10B1B0452C28B00100000001 /* GenerateRecipeDraftUseCase.swift */ = {isa = PBXFileReference; lastKnownFileType = sourcecode.swift; path = GenerateRecipeDraftUseCase.swift; sourceTree = "<group>"; };
		10B1B0462C28B00100000001 /* PlayRecipeStepUseCase.swift */ = {isa = PBXFileReference; lastKnownFileType = sourcecode.swift; path = PlayRecipeStepUseCase.swift; sourceTree = "<group>"; };
		10B1B0472C28B00100000001 /* AddStepPreviewUseCaseTests.swift */ = {isa = PBXFileReference; lastKnownFileType = sourcecode.swift; path = AddStepPreviewUseCaseTests.swift; sourceTree = "<group>"; };
		10B1C0202C28C00100000001 /* DefaultRecipeRepository.swift */ = {isa = PBXFileReference; lastKnownFileType = sourcecode.swift; path = DefaultRecipeRepository.swift; sourceTree = "<group>"; };
		10B1C0212C28C00100000001 /* DefaultRecipeGenerationRepository.swift */ = {isa = PBXFileReference; lastKnownFileType = sourcecode.swift; path = DefaultRecipeGenerationRepository.swift; sourceTree = "<group>"; };
		10B1C0222C28C00100000001 /* InMemoryRecipeLocalDataSource.swift */ = {isa = PBXFileReference; lastKnownFileType = sourcecode.swift; path = InMemoryRecipeLocalDataSource.swift; sourceTree = "<group>"; };
		10B1C0232C28C00100000001 /* MockRecipeAIDataSource.swift */ = {isa = PBXFileReference; lastKnownFileType = sourcecode.swift; path = MockRecipeAIDataSource.swift; sourceTree = "<group>"; };
		10B1C0242C28C00100000001 /* MockSpeechRecognitionService.swift */ = {isa = PBXFileReference; lastKnownFileType = sourcecode.swift; path = MockSpeechRecognitionService.swift; sourceTree = "<group>"; };
		10B1C0252C28C00100000001 /* MockAudioGuideService.swift */ = {isa = PBXFileReference; lastKnownFileType = sourcecode.swift; path = MockAudioGuideService.swift; sourceTree = "<group>"; };
		10B1C0262C28C00100000001 /* SampleStepPreviews.swift */ = {isa = PBXFileReference; lastKnownFileType = sourcecode.swift; path = SampleStepPreviews.swift; sourceTree = "<group>"; };
		10B1C0272C28C00100000001 /* SampleRecipes.swift */ = {isa = PBXFileReference; lastKnownFileType = sourcecode.swift; path = SampleRecipes.swift; sourceTree = "<group>"; };
		10B1C0282C28C00100000001 /* DefaultRecipeRepositoryTests.swift */ = {isa = PBXFileReference; lastKnownFileType = sourcecode.swift; path = DefaultRecipeRepositoryTests.swift; sourceTree = "<group>"; };
		10B1C0292C28C00100000001 /* GenerateRecipeDraftUseCaseTests.swift */ = {isa = PBXFileReference; lastKnownFileType = sourcecode.swift; path = GenerateRecipeDraftUseCaseTests.swift; sourceTree = "<group>"; };
		10B1D0202C28D00100000001 /* AppRoute.swift */ = {isa = PBXFileReference; lastKnownFileType = sourcecode.swift; path = AppRoute.swift; sourceTree = "<group>"; };
		10B1D0212C28D00100000001 /* AppEnvironment.swift */ = {isa = PBXFileReference; lastKnownFileType = sourcecode.swift; path = AppEnvironment.swift; sourceTree = "<group>"; };
		10B1D0222C28D00100000001 /* HomeView.swift */ = {isa = PBXFileReference; lastKnownFileType = sourcecode.swift; path = HomeView.swift; sourceTree = "<group>"; };
		10B1D0232C28D00100000001 /* HomeViewModel.swift */ = {isa = PBXFileReference; lastKnownFileType = sourcecode.swift; path = HomeViewModel.swift; sourceTree = "<group>"; };
		10B1D0242C28D00100000001 /* RecipeRowView.swift */ = {isa = PBXFileReference; lastKnownFileType = sourcecode.swift; path = RecipeRowView.swift; sourceTree = "<group>"; };
		10B1D0252C28D00100000001 /* HomeViewModelTests.swift */ = {isa = PBXFileReference; lastKnownFileType = sourcecode.swift; path = HomeViewModelTests.swift; sourceTree = "<group>"; };
		10B1E0202C28E00100000001 /* RecordingState.swift */ = {isa = PBXFileReference; lastKnownFileType = sourcecode.swift; path = RecordingState.swift; sourceTree = "<group>"; };
		10B1E0212C28E00100000001 /* CookingLogViewModel.swift */ = {isa = PBXFileReference; lastKnownFileType = sourcecode.swift; path = CookingLogViewModel.swift; sourceTree = "<group>"; };
		10B1E0222C28E00100000001 /* CookingLogView.swift */ = {isa = PBXFileReference; lastKnownFileType = sourcecode.swift; path = CookingLogView.swift; sourceTree = "<group>"; };
		10B1E0232C28E00100000001 /* StepPreviewRowView.swift */ = {isa = PBXFileReference; lastKnownFileType = sourcecode.swift; path = StepPreviewRowView.swift; sourceTree = "<group>"; };
		10B1E0242C28E00100000001 /* CookingLogViewModelTests.swift */ = {isa = PBXFileReference; lastKnownFileType = sourcecode.swift; path = CookingLogViewModelTests.swift; sourceTree = "<group>"; };
		10B1F0202C28F00100000001 /* AIReviewView.swift */ = {isa = PBXFileReference; lastKnownFileType = sourcecode.swift; path = AIReviewView.swift; sourceTree = "<group>"; };
		10B1F0212C28F00100000001 /* AIReviewViewModel.swift */ = {isa = PBXFileReference; lastKnownFileType = sourcecode.swift; path = AIReviewViewModel.swift; sourceTree = "<group>"; };
		10B1F0222C28F00100000001 /* IngredientEditorRowView.swift */ = {isa = PBXFileReference; lastKnownFileType = sourcecode.swift; path = IngredientEditorRowView.swift; sourceTree = "<group>"; };
		10B1F0232C28F00100000001 /* RecipeStepEditorRowView.swift */ = {isa = PBXFileReference; lastKnownFileType = sourcecode.swift; path = RecipeStepEditorRowView.swift; sourceTree = "<group>"; };
		10B1F0242C28F00100000001 /* AIReviewViewModelTests.swift */ = {isa = PBXFileReference; lastKnownFileType = sourcecode.swift; path = AIReviewViewModelTests.swift; sourceTree = "<group>"; };
		10B200202C29000100000001 /* RecipeDetailView.swift */ = {isa = PBXFileReference; lastKnownFileType = sourcecode.swift; path = RecipeDetailView.swift; sourceTree = "<group>"; };
		10B200212C29000100000001 /* RecipeDetailViewModel.swift */ = {isa = PBXFileReference; lastKnownFileType = sourcecode.swift; path = RecipeDetailViewModel.swift; sourceTree = "<group>"; };
		10B200222C29000100000001 /* IngredientListView.swift */ = {isa = PBXFileReference; lastKnownFileType = sourcecode.swift; path = IngredientListView.swift; sourceTree = "<group>"; };
		10B200232C29000100000001 /* RecipeStepListView.swift */ = {isa = PBXFileReference; lastKnownFileType = sourcecode.swift; path = RecipeStepListView.swift; sourceTree = "<group>"; };
		10B200252C29000100000001 /* RecipeDetailViewModelTests.swift */ = {isa = PBXFileReference; lastKnownFileType = sourcecode.swift; path = RecipeDetailViewModelTests.swift; sourceTree = "<group>"; };
		10B201202C29100100000001 /* AudioPlayerView.swift */ = {isa = PBXFileReference; lastKnownFileType = sourcecode.swift; path = AudioPlayerView.swift; sourceTree = "<group>"; };
		10B201212C29100100000001 /* AudioPlayerViewModel.swift */ = {isa = PBXFileReference; lastKnownFileType = sourcecode.swift; path = AudioPlayerViewModel.swift; sourceTree = "<group>"; };
		10B201222C29100100000001 /* AudioPlayerControlBarView.swift */ = {isa = PBXFileReference; lastKnownFileType = sourcecode.swift; path = AudioPlayerControlBarView.swift; sourceTree = "<group>"; };
		10B201232C29100100000001 /* AudioPlayerViewModelTests.swift */ = {isa = PBXFileReference; lastKnownFileType = sourcecode.swift; path = AudioPlayerViewModelTests.swift; sourceTree = "<group>"; };
		10B202202C29200100000001 /* PersistentRecipe.swift */ = {isa = PBXFileReference; lastKnownFileType = sourcecode.swift; path = PersistentRecipe.swift; sourceTree = "<group>"; };
		10B202212C29200100000001 /* PersistentIngredient.swift */ = {isa = PBXFileReference; lastKnownFileType = sourcecode.swift; path = PersistentIngredient.swift; sourceTree = "<group>"; };
		10B202222C29200100000001 /* PersistentRecipeStep.swift */ = {isa = PBXFileReference; lastKnownFileType = sourcecode.swift; path = PersistentRecipeStep.swift; sourceTree = "<group>"; };
		10B202232C29200100000001 /* RecipePersistenceMapper.swift */ = {isa = PBXFileReference; lastKnownFileType = sourcecode.swift; path = RecipePersistenceMapper.swift; sourceTree = "<group>"; };
		10B202242C29200100000001 /* SwiftDataRecipeLocalDataSource.swift */ = {isa = PBXFileReference; lastKnownFileType = sourcecode.swift; path = SwiftDataRecipeLocalDataSource.swift; sourceTree = "<group>"; };
		10B202252C29200100000001 /* RecipePersistenceMapperTests.swift */ = {isa = PBXFileReference; lastKnownFileType = sourcecode.swift; path = RecipePersistenceMapperTests.swift; sourceTree = "<group>"; };
		10B202262C29200100000001 /* SwiftDataRecipeLocalDataSourceTests.swift */ = {isa = PBXFileReference; lastKnownFileType = sourcecode.swift; path = SwiftDataRecipeLocalDataSourceTests.swift; sourceTree = "<group>"; };
		10B204202C29400100000001 /* T-20260805-002-legacy.store.b64 */ = {isa = PBXFileReference; lastKnownFileType = text; path = "T-20260805-002-legacy.store.b64"; sourceTree = "<group>"; };
/* End PBXFileReference section */

/* Begin PBXFrameworksBuildPhase section */
		10B1A0502C28A00100000001 /* Frameworks */ = {
			isa = PBXFrameworksBuildPhase;
			buildActionMask = 2147483647;
			files = (
			);
			runOnlyForDeploymentPostprocessing = 0;
		};
		10B1A0512C28A00100000001 /* Frameworks */ = {
			isa = PBXFrameworksBuildPhase;
			buildActionMask = 2147483647;
			files = (
			);
			runOnlyForDeploymentPostprocessing = 0;
		};
/* End PBXFrameworksBuildPhase section */

/* Begin PBXGroup section */
		10B1A0602C28A00100000001 = {
			isa = PBXGroup;
			children = (
				10B1A0612C28A00100000001 /* CookLog */,
				10B1A0802C28A00100000001 /* CookLogTests */,
				10B1A0902C28A00100000001 /* Products */,
			);
			sourceTree = "<group>";
		};
		10B1A0612C28A00100000001 /* CookLog */ = {
			isa = PBXGroup;
			children = (
				10B1A0622C28A00100000001 /* App */,
				10B1B0502C28B00100000001 /* Domain */,
				10B1B0542C28B00100000001 /* Data */,
				10B1B0572C28B00100000001 /* Services */,
				10B1A0632C28A00100000001 /* Features */,
				10B1C0502C28C00100000001 /* PreviewSupport */,
				10B1A0642C28A00100000001 /* Resources */,
			);
			path = CookLog;
			sourceTree = "<group>";
		};
		10B1A0622C28A00100000001 /* App */ = {
			isa = PBXGroup;
			children = (
				10B1D0212C28D00100000001 /* AppEnvironment.swift */,
				10B1D0202C28D00100000001 /* AppRoute.swift */,
				10B1A0102C28A00100000001 /* CookLogApp.swift */,
			);
			path = App;
			sourceTree = "<group>";
		};
		10B1A0632C28A00100000001 /* Features */ = {
			isa = PBXGroup;
			children = (
				10B1F0302C28F00100000001 /* AIReview */,
				10B201302C29100100000001 /* AudioPlayer */,
				10B1E0302C28E00100000001 /* CookingLog */,
				10B1A0652C28A00100000001 /* Home */,
				10B200302C29000100000001 /* RecipeDetail */,
			);
			path = Features;
			sourceTree = "<group>";
		};
		10B200302C29000100000001 /* RecipeDetail */ = {
			isa = PBXGroup;
			children = (
				10B200222C29000100000001 /* IngredientListView.swift */,
				10B200202C29000100000001 /* RecipeDetailView.swift */,
				10B200212C29000100000001 /* RecipeDetailViewModel.swift */,
				10B200232C29000100000001 /* RecipeStepListView.swift */,
			);
			path = RecipeDetail;
			sourceTree = "<group>";
		};
		10B201302C29100100000001 /* AudioPlayer */ = {
			isa = PBXGroup;
			children = (
				10B201222C29100100000001 /* AudioPlayerControlBarView.swift */,
				10B201202C29100100000001 /* AudioPlayerView.swift */,
				10B201212C29100100000001 /* AudioPlayerViewModel.swift */,
			);
			path = AudioPlayer;
			sourceTree = "<group>";
		};
		10B1F0302C28F00100000001 /* AIReview */ = {
			isa = PBXGroup;
			children = (
				10B1F0202C28F00100000001 /* AIReviewView.swift */,
				10B1F0212C28F00100000001 /* AIReviewViewModel.swift */,
				10B1F0222C28F00100000001 /* IngredientEditorRowView.swift */,
				10B1F0232C28F00100000001 /* RecipeStepEditorRowView.swift */,
			);
			path = AIReview;
			sourceTree = "<group>";
		};
		10B1E0302C28E00100000001 /* CookingLog */ = {
			isa = PBXGroup;
			children = (
				10B1E0222C28E00100000001 /* CookingLogView.swift */,
				10B1E0212C28E00100000001 /* CookingLogViewModel.swift */,
				10B1E0202C28E00100000001 /* RecordingState.swift */,
				10B1E0232C28E00100000001 /* StepPreviewRowView.swift */,
			);
			path = CookingLog;
			sourceTree = "<group>";
		};
		10B1A0642C28A00100000001 /* Resources */ = {
			isa = PBXGroup;
			children = (
				10B1A0132C28A00100000001 /* Info.plist */,
			);
			path = Resources;
			sourceTree = "<group>";
		};
		10B1A0652C28A00100000001 /* Home */ = {
			isa = PBXGroup;
			children = (
				10B1A0112C28A00100000001 /* ContentView.swift */,
				10B1D0222C28D00100000001 /* HomeView.swift */,
				10B1D0232C28D00100000001 /* HomeViewModel.swift */,
				10B1D0242C28D00100000001 /* RecipeRowView.swift */,
			);
			path = Home;
			sourceTree = "<group>";
		};
		10B1A0802C28A00100000001 /* CookLogTests */ = {
			isa = PBXGroup;
			children = (
				10B1A0122C28A00100000001 /* CookLogTests.swift */,
				10B1B0472C28B00100000001 /* AddStepPreviewUseCaseTests.swift */,
				10B1C0282C28C00100000001 /* DefaultRecipeRepositoryTests.swift */,
				10B1C0292C28C00100000001 /* GenerateRecipeDraftUseCaseTests.swift */,
				10B1D0252C28D00100000001 /* HomeViewModelTests.swift */,
				10B1E0242C28E00100000001 /* CookingLogViewModelTests.swift */,
				10B1F0242C28F00100000001 /* AIReviewViewModelTests.swift */,
				10B200252C29000100000001 /* RecipeDetailViewModelTests.swift */,
				10B201232C29100100000001 /* AudioPlayerViewModelTests.swift */,
				10B202252C29200100000001 /* RecipePersistenceMapperTests.swift */,
				10B202262C29200100000001 /* SwiftDataRecipeLocalDataSourceTests.swift */,
				10B204202C29400100000001 /* T-20260805-002-legacy.store.b64 */,
			);
			path = CookLogTests;
			sourceTree = "<group>";
		};
		10B1B0502C28B00100000001 /* Domain */ = {
			isa = PBXGroup;
			children = (
				10B1B0512C28B00100000001 /* Models */,
				10B1B0522C28B00100000001 /* Repositories */,
				10B1B0532C28B00100000001 /* UseCases */,
			);
			path = Domain;
			sourceTree = "<group>";
		};
		10B1B0512C28B00100000001 /* Models */ = {
			isa = PBXGroup;
			children = (
				10B1B0352C28B00100000001 /* CookingLogSession.swift */,
				10B1B0322C28B00100000001 /* Ingredient.swift */,
				10B1B0362C28B00100000001 /* Recipe.swift */,
				10B1B0372C28B00100000001 /* RecipeDraft.swift */,
				10B1B0382C28B00100000001 /* RecipeGenerationInput.swift */,
				10B1B0302C28B00100000001 /* RecipeSource.swift */,
				10B1B0332C28B00100000001 /* RecipeStep.swift */,
				10B1B0342C28B00100000001 /* StepPreview.swift */,
				10B1B0312C28B00100000001 /* SyncStatus.swift */,
			);
			path = Models;
			sourceTree = "<group>";
		};
		10B1B0522C28B00100000001 /* Repositories */ = {
			isa = PBXGroup;
			children = (
				10B1B03A2C28B00100000001 /* RecipeGenerationRepository.swift */,
				10B1B0392C28B00100000001 /* RecipeRepository.swift */,
			);
			path = Repositories;
			sourceTree = "<group>";
		};
		10B1B0532C28B00100000001 /* UseCases */ = {
			isa = PBXGroup;
			children = (
				10B1B0442C28B00100000001 /* AddStepPreviewUseCase.swift */,
				10B1B0432C28B00100000001 /* DeleteRecipeUseCase.swift */,
				10B1B0412C28B00100000001 /* FetchRecipeUseCase.swift */,
				10B1B0402C28B00100000001 /* FetchRecipesUseCase.swift */,
				10B1B0452C28B00100000001 /* GenerateRecipeDraftUseCase.swift */,
				10B1B0462C28B00100000001 /* PlayRecipeStepUseCase.swift */,
				10B1B0422C28B00100000001 /* SaveRecipeUseCase.swift */,
			);
			path = UseCases;
			sourceTree = "<group>";
		};
		10B1B0542C28B00100000001 /* Data */ = {
			isa = PBXGroup;
			children = (
				10B1B0552C28B00100000001 /* DataSources */,
				10B202302C29200100000001 /* Persistence */,
				10B1C0522C28C00100000001 /* Repositories */,
			);
			path = Data;
			sourceTree = "<group>";
		};
		10B1B0552C28B00100000001 /* DataSources */ = {
			isa = PBXGroup;
			children = (
				10B1C0222C28C00100000001 /* InMemoryRecipeLocalDataSource.swift */,
				10B1C0232C28C00100000001 /* MockRecipeAIDataSource.swift */,
				10B1B03C2C28B00100000001 /* RecipeAIDataSource.swift */,
				10B1B03B2C28B00100000001 /* RecipeLocalDataSource.swift */,
				10B202242C29200100000001 /* SwiftDataRecipeLocalDataSource.swift */,
			);
			path = DataSources;
			sourceTree = "<group>";
		};
		10B202302C29200100000001 /* Persistence */ = {
			isa = PBXGroup;
			children = (
				10B202212C29200100000001 /* PersistentIngredient.swift */,
				10B202202C29200100000001 /* PersistentRecipe.swift */,
				10B202222C29200100000001 /* PersistentRecipeStep.swift */,
				10B202232C29200100000001 /* RecipePersistenceMapper.swift */,
			);
			path = Persistence;
			sourceTree = "<group>";
		};
		10B1C0522C28C00100000001 /* Repositories */ = {
			isa = PBXGroup;
			children = (
				10B1C0212C28C00100000001 /* DefaultRecipeGenerationRepository.swift */,
				10B1C0202C28C00100000001 /* DefaultRecipeRepository.swift */,
			);
			path = Repositories;
			sourceTree = "<group>";
		};
		10B1B0572C28B00100000001 /* Services */ = {
			isa = PBXGroup;
			children = (
				10B1B0592C28B00100000001 /* AudioGuide */,
				10B1B0582C28B00100000001 /* Speech */,
			);
			path = Services;
			sourceTree = "<group>";
		};
		10B1B0582C28B00100000001 /* Speech */ = {
			isa = PBXGroup;
			children = (
				10B1B03D2C28B00100000001 /* SpeechAuthorizationStatus.swift */,
				10B1B03E2C28B00100000001 /* SpeechRecognitionService.swift */,
				10B1C0242C28C00100000001 /* MockSpeechRecognitionService.swift */,
			);
			path = Speech;
			sourceTree = "<group>";
		};
		10B1B0592C28B00100000001 /* AudioGuide */ = {
			isa = PBXGroup;
			children = (
				10B1B03F2C28B00100000001 /* AudioGuideService.swift */,
				10B1C0252C28C00100000001 /* MockAudioGuideService.swift */,
			);
			path = AudioGuide;
			sourceTree = "<group>";
		};
		10B1C0502C28C00100000001 /* PreviewSupport */ = {
			isa = PBXGroup;
			children = (
				10B1C0272C28C00100000001 /* SampleRecipes.swift */,
				10B1C0262C28C00100000001 /* SampleStepPreviews.swift */,
			);
			path = PreviewSupport;
			sourceTree = "<group>";
		};
		10B1A0902C28A00100000001 /* Products */ = {
			isa = PBXGroup;
			children = (
				10B1A0142C28A00100000001 /* CookLog.app */,
				10B1A0152C28A00100000001 /* CookLogTests.xctest */,
			);
			name = Products;
			sourceTree = "<group>";
		};
/* End PBXGroup section */

/* Begin PBXNativeTarget section */
		10B1A0402C28A00100000001 /* CookLog */ = {
			isa = PBXNativeTarget;
			buildConfigurationList = 10B1A1002C28A00100000001 /* Build configuration list for PBXNativeTarget "CookLog" */;
			buildPhases = (
				10B1A0702C28A00100000001 /* Sources */,
				10B1A0502C28A00100000001 /* Frameworks */,
				10B1A0712C28A00100000001 /* Resources */,
			);
			buildRules = (
			);
			dependencies = (
			);
			name = CookLog;
			productName = CookLog;
			productReference = 10B1A0142C28A00100000001 /* CookLog.app */;
			productType = "com.apple.product-type.application";
		};
		10B1A0412C28A00100000001 /* CookLogTests */ = {
			isa = PBXNativeTarget;
			buildConfigurationList = 10B1A1102C28A00100000001 /* Build configuration list for PBXNativeTarget "CookLogTests" */;
			buildPhases = (
				10B1A0722C28A00100000001 /* Sources */,
				10B1A0512C28A00100000001 /* Frameworks */,
				10B1A0732C28A00100000001 /* Resources */,
			);
			buildRules = (
			);
			dependencies = (
				10B1A0212C28A00100000001 /* PBXTargetDependency */,
			);
			name = CookLogTests;
			productName = CookLogTests;
			productReference = 10B1A0152C28A00100000001 /* CookLogTests.xctest */;
			productType = "com.apple.product-type.bundle.unit-test";
		};
/* End PBXNativeTarget section */

/* Begin PBXProject section */
		10B1A0302C28A00100000001 /* Project object */ = {
			isa = PBXProject;
			attributes = {
				BuildIndependentTargetsInParallel = 1;
				LastSwiftUpdateCheck = 1520;
				LastUpgradeCheck = 1520;
				TargetAttributes = {
					10B1A0402C28A00100000001 = {
						CreatedOnToolsVersion = 15.2;
					};
					10B1A0412C28A00100000001 = {
						CreatedOnToolsVersion = 15.2;
						TestTargetID = 10B1A0402C28A00100000001;
					};
				};
			};
			buildConfigurationList = 10B1A1202C28A00100000001 /* Build configuration list for PBXProject "CookLog" */;
			compatibilityVersion = "Xcode 14.0";
			developmentRegion = en;
			hasScannedForEncodings = 0;
			knownRegions = (
				en,
				Base,
			);
			mainGroup = 10B1A0602C28A00100000001;
			productRefGroup = 10B1A0902C28A00100000001 /* Products */;
			projectDirPath = "";
			projectRoot = "";
			targets = (
				10B1A0402C28A00100000001 /* CookLog */,
				10B1A0412C28A00100000001 /* CookLogTests */,
			);
		};
/* End PBXProject section */

/* Begin PBXResourcesBuildPhase section */
		10B1A0712C28A00100000001 /* Resources */ = {
			isa = PBXResourcesBuildPhase;
			buildActionMask = 2147483647;
			files = (
			);
			runOnlyForDeploymentPostprocessing = 0;
		};
		10B1A0732C28A00100000001 /* Resources */ = {
			isa = PBXResourcesBuildPhase;
			buildActionMask = 2147483647;
			files = (
				10B204012C29400100000001 /* T-20260805-002-legacy.store.b64 in Resources */,
			);
			runOnlyForDeploymentPostprocessing = 0;
		};
/* End PBXResourcesBuildPhase section */

/* Begin PBXSourcesBuildPhase section */
		10B1A0702C28A00100000001 /* Sources */ = {
			isa = PBXSourcesBuildPhase;
			buildActionMask = 2147483647;
			files = (
				10B1B0152C28B00100000001 /* AddStepPreviewUseCase.swift in Sources */,
				10B1F0012C28F00100000001 /* AIReviewView.swift in Sources */,
				10B1F0022C28F00100000001 /* AIReviewViewModel.swift in Sources */,
				10B1D0022C28D00100000001 /* AppEnvironment.swift in Sources */,
				10B1D0012C28D00100000001 /* AppRoute.swift in Sources */,
				10B201032C29100100000001 /* AudioPlayerControlBarView.swift in Sources */,
				10B201012C29100100000001 /* AudioPlayerView.swift in Sources */,
				10B201022C29100100000001 /* AudioPlayerViewModel.swift in Sources */,
				10B1E0032C28E00100000001 /* CookingLogView.swift in Sources */,
				10B1E0022C28E00100000001 /* CookingLogViewModel.swift in Sources */,
				10B1B0062C28B00100000001 /* CookingLogSession.swift in Sources */,
				10B1B0142C28B00100000001 /* DeleteRecipeUseCase.swift in Sources */,
				10B1D0032C28D00100000001 /* HomeView.swift in Sources */,
				10B1D0042C28D00100000001 /* HomeViewModel.swift in Sources */,
				10B1C0062C28C00100000001 /* MockAudioGuideService.swift in Sources */,
				10B1B00E2C28B00100000001 /* SpeechAuthorizationStatus.swift in Sources */,
				10B1A0012C28A00100000001 /* CookLogApp.swift in Sources */,
				10B202022C29200100000001 /* PersistentIngredient.swift in Sources */,
				10B202012C29200100000001 /* PersistentRecipe.swift in Sources */,
				10B202032C29200100000001 /* PersistentRecipeStep.swift in Sources */,
				10B1B00A2C28B00100000001 /* RecipeRepository.swift in Sources */,
				10B1B0162C28B00100000001 /* GenerateRecipeDraftUseCase.swift in Sources */,
				10B1B0032C28B00100000001 /* Ingredient.swift in Sources */,
				10B1F0032C28F00100000001 /* IngredientEditorRowView.swift in Sources */,
				10B200032C29000100000001 /* IngredientListView.swift in Sources */,
				10B1C0082C28C00100000001 /* SampleRecipes.swift in Sources */,
				10B1B0082C28B00100000001 /* RecipeDraft.swift in Sources */,
				10B200012C29000100000001 /* RecipeDetailView.swift in Sources */,
				10B200022C29000100000001 /* RecipeDetailViewModel.swift in Sources */,
				10B1C0012C28C00100000001 /* DefaultRecipeRepository.swift in Sources */,
				10B1B00B2C28B00100000001 /* RecipeGenerationRepository.swift in Sources */,
				10B1C0032C28C00100000001 /* InMemoryRecipeLocalDataSource.swift in Sources */,
				10B1B00F2C28B00100000001 /* SpeechRecognitionService.swift in Sources */,
				10B1C0022C28C00100000001 /* DefaultRecipeGenerationRepository.swift in Sources */,
				10B1B0052C28B00100000001 /* StepPreview.swift in Sources */,
				10B1B00C2C28B00100000001 /* RecipeLocalDataSource.swift in Sources */,
				10B1A0022C28A00100000001 /* ContentView.swift in Sources */,
				10B1B0092C28B00100000001 /* RecipeGenerationInput.swift in Sources */,
				10B202042C29200100000001 /* RecipePersistenceMapper.swift in Sources */,
				10B1B0132C28B00100000001 /* SaveRecipeUseCase.swift in Sources */,
				10B1C0052C28C00100000001 /* MockSpeechRecognitionService.swift in Sources */,
				10B1B0012C28B00100000001 /* RecipeSource.swift in Sources */,
				10B1F0042C28F00100000001 /* RecipeStepEditorRowView.swift in Sources */,
				10B200042C29000100000001 /* RecipeStepListView.swift in Sources */,
				10B1D0052C28D00100000001 /* RecipeRowView.swift in Sources */,
				10B1E0012C28E00100000001 /* RecordingState.swift in Sources */,
				10B1B0102C28B00100000001 /* AudioGuideService.swift in Sources */,
				10B1E0042C28E00100000001 /* StepPreviewRowView.swift in Sources */,
				10B1B0172C28B00100000001 /* PlayRecipeStepUseCase.swift in Sources */,
				10B1B0122C28B00100000001 /* FetchRecipeUseCase.swift in Sources */,
				10B1B0112C28B00100000001 /* FetchRecipesUseCase.swift in Sources */,
				10B1B0022C28B00100000001 /* SyncStatus.swift in Sources */,
				10B1C0072C28C00100000001 /* SampleStepPreviews.swift in Sources */,
				10B202052C29200100000001 /* SwiftDataRecipeLocalDataSource.swift in Sources */,
				10B1B0042C28B00100000001 /* RecipeStep.swift in Sources */,
				10B1B0072C28B00100000001 /* Recipe.swift in Sources */,
				10B1C0042C28C00100000001 /* MockRecipeAIDataSource.swift in Sources */,
				10B1B00D2C28B00100000001 /* RecipeAIDataSource.swift in Sources */,
			);
			runOnlyForDeploymentPostprocessing = 0;
		};
		10B1A0722C28A00100000001 /* Sources */ = {
			isa = PBXSourcesBuildPhase;
			buildActionMask = 2147483647;
			files = (
				10B1A0032C28A00100000001 /* CookLogTests.swift in Sources */,
				10B1B0182C28B00100000001 /* AddStepPreviewUseCaseTests.swift in Sources */,
				10B1C0092C28C00100000001 /* DefaultRecipeRepositoryTests.swift in Sources */,
				10B1C00A2C28C00100000001 /* GenerateRecipeDraftUseCaseTests.swift in Sources */,
				10B1D0062C28D00100000001 /* HomeViewModelTests.swift in Sources */,
				10B1E0052C28E00100000001 /* CookingLogViewModelTests.swift in Sources */,
				10B1F0052C28F00100000001 /* AIReviewViewModelTests.swift in Sources */,
				10B200062C29000100000001 /* RecipeDetailViewModelTests.swift in Sources */,
				10B201042C29100100000001 /* AudioPlayerViewModelTests.swift in Sources */,
				10B202062C29200100000001 /* RecipePersistenceMapperTests.swift in Sources */,
				10B202072C29200100000001 /* SwiftDataRecipeLocalDataSourceTests.swift in Sources */,
			);
			runOnlyForDeploymentPostprocessing = 0;
		};
/* End PBXSourcesBuildPhase section */

/* Begin PBXTargetDependency section */
		10B1A0212C28A00100000001 /* PBXTargetDependency */ = {
			isa = PBXTargetDependency;
			target = 10B1A0402C28A00100000001 /* CookLog */;
			targetProxy = 10B1A0202C28A00100000001 /* PBXContainerItemProxy */;
		};
/* End PBXTargetDependency section */

/* Begin XCBuildConfiguration section */
		10B1A1302C28A00100000001 /* Debug */ = {
			isa = XCBuildConfiguration;
			buildSettings = {
				ALWAYS_SEARCH_USER_PATHS = NO;
				CLANG_ANALYZER_NONNULL = YES;
				CLANG_ANALYZER_NUMBER_OBJECT_CONVERSION = YES_AGGRESSIVE;
				CLANG_CXX_LANGUAGE_STANDARD = "gnu++20";
				CLANG_ENABLE_MODULES = YES;
				CLANG_ENABLE_OBJC_ARC = YES;
				CLANG_ENABLE_OBJC_WEAK = YES;
				CLANG_WARN_BLOCK_CAPTURE_AUTORELEASING = YES;
				CLANG_WARN_BOOL_CONVERSION = YES;
				CLANG_WARN_COMMA = YES;
				CLANG_WARN_CONSTANT_CONVERSION = YES;
				CLANG_WARN_DEPRECATED_OBJC_IMPLEMENTATIONS = YES;
				CLANG_WARN_DIRECT_OBJC_ISA_USAGE = YES_ERROR;
				CLANG_WARN_DOCUMENTATION_COMMENTS = YES;
				CLANG_WARN_EMPTY_BODY = YES;
				CLANG_WARN_ENUM_CONVERSION = YES;
				CLANG_WARN_INFINITE_RECURSION = YES;
				CLANG_WARN_INT_CONVERSION = YES;
				CLANG_WARN_NON_LITERAL_NULL_CONVERSION = YES;
				CLANG_WARN_OBJC_IMPLICIT_RETAIN_SELF = YES;
				CLANG_WARN_OBJC_LITERAL_CONVERSION = YES;
				CLANG_WARN_OBJC_ROOT_CLASS = YES_ERROR;
				CLANG_WARN_QUOTED_INCLUDE_IN_FRAMEWORK_HEADER = YES;
				CLANG_WARN_RANGE_LOOP_ANALYSIS = YES;
				CLANG_WARN_STRICT_PROTOTYPES = YES;
				CLANG_WARN_SUSPICIOUS_MOVE = YES;
				CLANG_WARN_UNGUARDED_AVAILABILITY = YES_AGGRESSIVE;
				CLANG_WARN_UNREACHABLE_CODE = YES;
				CLANG_WARN__DUPLICATE_METHOD_MATCH = YES;
				COPY_PHASE_STRIP = NO;
				DEBUG_INFORMATION_FORMAT = dwarf;
				ENABLE_STRICT_OBJC_MSGSEND = YES;
				ENABLE_TESTABILITY = YES;
				ENABLE_USER_SCRIPT_SANDBOXING = YES;
				GCC_C_LANGUAGE_STANDARD = gnu17;
				GCC_DYNAMIC_NO_PIC = NO;
				GCC_NO_COMMON_BLOCKS = YES;
				GCC_OPTIMIZATION_LEVEL = 0;
				GCC_PREPROCESSOR_DEFINITIONS = (
					"DEBUG=1",
					"$(inherited)",
				);
				GCC_WARN_64_TO_32_BIT_CONVERSION = YES;
				GCC_WARN_ABOUT_RETURN_TYPE = YES_ERROR;
				GCC_WARN_UNDECLARED_SELECTOR = YES;
				GCC_WARN_UNINITIALIZED_AUTOS = YES_AGGRESSIVE;
				GCC_WARN_UNUSED_FUNCTION = YES;
				GCC_WARN_UNUSED_VARIABLE = YES;
				IPHONEOS_DEPLOYMENT_TARGET = 17.0;
				LOCALIZATION_PREFERS_STRING_CATALOGS = YES;
				MTL_ENABLE_DEBUG_INFO = INCLUDE_SOURCE;
				MTL_FAST_MATH = YES;
				ONLY_ACTIVE_ARCH = YES;
				SDKROOT = iphoneos;
				SWIFT_ACTIVE_COMPILATION_CONDITIONS = "DEBUG $(inherited)";
				SWIFT_EMIT_LOC_STRINGS = YES;
				SWIFT_OPTIMIZATION_LEVEL = "-Onone";
			};
			name = Debug;
		};
		10B1A1312C28A00100000001 /* Release */ = {
			isa = XCBuildConfiguration;
			buildSettings = {
				ALWAYS_SEARCH_USER_PATHS = NO;
				CLANG_ANALYZER_NONNULL = YES;
				CLANG_ANALYZER_NUMBER_OBJECT_CONVERSION = YES_AGGRESSIVE;
				CLANG_CXX_LANGUAGE_STANDARD = "gnu++20";
				CLANG_ENABLE_MODULES = YES;
				CLANG_ENABLE_OBJC_ARC = YES;
				CLANG_ENABLE_OBJC_WEAK = YES;
				CLANG_WARN_BLOCK_CAPTURE_AUTORELEASING = YES;
				CLANG_WARN_BOOL_CONVERSION = YES;
				CLANG_WARN_COMMA = YES;
				CLANG_WARN_CONSTANT_CONVERSION = YES;
				CLANG_WARN_DEPRECATED_OBJC_IMPLEMENTATIONS = YES;
				CLANG_WARN_DIRECT_OBJC_ISA_USAGE = YES_ERROR;
				CLANG_WARN_DOCUMENTATION_COMMENTS = YES;
				CLANG_WARN_EMPTY_BODY = YES;
				CLANG_WARN_ENUM_CONVERSION = YES;
				CLANG_WARN_INFINITE_RECURSION = YES;
				CLANG_WARN_INT_CONVERSION = YES;
				CLANG_WARN_NON_LITERAL_NULL_CONVERSION = YES;
				CLANG_WARN_OBJC_IMPLICIT_RETAIN_SELF = YES;
				CLANG_WARN_OBJC_LITERAL_CONVERSION = YES;
				CLANG_WARN_OBJC_ROOT_CLASS = YES_ERROR;
				CLANG_WARN_QUOTED_INCLUDE_IN_FRAMEWORK_HEADER = YES;
				CLANG_WARN_RANGE_LOOP_ANALYSIS = YES;
				CLANG_WARN_STRICT_PROTOTYPES = YES;
				CLANG_WARN_SUSPICIOUS_MOVE = YES;
				CLANG_WARN_UNGUARDED_AVAILABILITY = YES_AGGRESSIVE;
				CLANG_WARN_UNREACHABLE_CODE = YES;
				CLANG_WARN__DUPLICATE_METHOD_MATCH = YES;
				COPY_PHASE_STRIP = NO;
				DEBUG_INFORMATION_FORMAT = "dwarf-with-dsym";
				ENABLE_NS_ASSERTIONS = NO;
				ENABLE_STRICT_OBJC_MSGSEND = YES;
				ENABLE_USER_SCRIPT_SANDBOXING = YES;
				GCC_C_LANGUAGE_STANDARD = gnu17;
				GCC_NO_COMMON_BLOCKS = YES;
				GCC_WARN_64_TO_32_BIT_CONVERSION = YES;
				GCC_WARN_ABOUT_RETURN_TYPE = YES_ERROR;
				GCC_WARN_UNDECLARED_SELECTOR = YES;
				GCC_WARN_UNINITIALIZED_AUTOS = YES_AGGRESSIVE;
				GCC_WARN_UNUSED_FUNCTION = YES;
				GCC_WARN_UNUSED_VARIABLE = YES;
				IPHONEOS_DEPLOYMENT_TARGET = 17.0;
				LOCALIZATION_PREFERS_STRING_CATALOGS = YES;
				MTL_ENABLE_DEBUG_INFO = NO;
				MTL_FAST_MATH = YES;
				SDKROOT = iphoneos;
				SWIFT_COMPILATION_MODE = wholemodule;
				SWIFT_EMIT_LOC_STRINGS = YES;
				SWIFT_OPTIMIZATION_LEVEL = "-O";
				VALIDATE_PRODUCT = YES;
			};
			name = Release;
		};
		10B1A1322C28A00100000001 /* Debug */ = {
			isa = XCBuildConfiguration;
			buildSettings = {
				ASSETCATALOG_COMPILER_APPICON_NAME = AppIcon;
				CODE_SIGN_STYLE = Automatic;
				CURRENT_PROJECT_VERSION = 1;
				DEVELOPMENT_ASSET_PATHS = "";
				GENERATE_INFOPLIST_FILE = NO;
				INFOPLIST_FILE = CookLog/Resources/Info.plist;
				INFOPLIST_KEY_CFBundleDisplayName = CookLog;
				IPHONEOS_DEPLOYMENT_TARGET = 17.0;
				LD_RUNPATH_SEARCH_PATHS = (
					"$(inherited)",
					"@executable_path/Frameworks",
				);
				MARKETING_VERSION = 1.0;
				PRODUCT_BUNDLE_IDENTIFIER = app.cooklog.CookLog;
				PRODUCT_NAME = "$(TARGET_NAME)";
				SWIFT_EMIT_LOC_STRINGS = YES;
				SWIFT_VERSION = 5.0;
				TARGETED_DEVICE_FAMILY = "1,2";
			};
			name = Debug;
		};
		10B1A1332C28A00100000001 /* Release */ = {
			isa = XCBuildConfiguration;
			buildSettings = {
				ASSETCATALOG_COMPILER_APPICON_NAME = AppIcon;
				CODE_SIGN_STYLE = Automatic;
				CURRENT_PROJECT_VERSION = 1;
				DEVELOPMENT_ASSET_PATHS = "";
				GENERATE_INFOPLIST_FILE = NO;
				INFOPLIST_FILE = CookLog/Resources/Info.plist;
				INFOPLIST_KEY_CFBundleDisplayName = CookLog;
				IPHONEOS_DEPLOYMENT_TARGET = 17.0;
				LD_RUNPATH_SEARCH_PATHS = (
					"$(inherited)",
					"@executable_path/Frameworks",
				);
				MARKETING_VERSION = 1.0;
				PRODUCT_BUNDLE_IDENTIFIER = app.cooklog.CookLog;
				PRODUCT_NAME = "$(TARGET_NAME)";
				SWIFT_EMIT_LOC_STRINGS = YES;
				SWIFT_VERSION = 5.0;
				TARGETED_DEVICE_FAMILY = "1,2";
			};
			name = Release;
		};
		10B1A1342C28A00100000001 /* Debug */ = {
			isa = XCBuildConfiguration;
			buildSettings = {
				BUNDLE_LOADER = "$(TEST_HOST)";
				CODE_SIGN_STYLE = Automatic;
				CURRENT_PROJECT_VERSION = 1;
				GENERATE_INFOPLIST_FILE = YES;
				IPHONEOS_DEPLOYMENT_TARGET = 17.0;
				LD_RUNPATH_SEARCH_PATHS = (
					"$(inherited)",
					"@executable_path/Frameworks",
					"@loader_path/Frameworks",
				);
				MARKETING_VERSION = 1.0;
				PRODUCT_BUNDLE_IDENTIFIER = app.cooklog.CookLogTests;
				PRODUCT_NAME = "$(TARGET_NAME)";
				SWIFT_EMIT_LOC_STRINGS = NO;
				SWIFT_VERSION = 5.0;
				TARGETED_DEVICE_FAMILY = "1,2";
				TEST_HOST = "$(BUILT_PRODUCTS_DIR)/CookLog.app/$(BUNDLE_EXECUTABLE_FOLDER_PATH)/CookLog";
			};
			name = Debug;
		};
		10B1A1352C28A00100000001 /* Release */ = {
			isa = XCBuildConfiguration;
			buildSettings = {
				BUNDLE_LOADER = "$(TEST_HOST)";
				CODE_SIGN_STYLE = Automatic;
				CURRENT_PROJECT_VERSION = 1;
				GENERATE_INFOPLIST_FILE = YES;
				IPHONEOS_DEPLOYMENT_TARGET = 17.0;
				LD_RUNPATH_SEARCH_PATHS = (
					"$(inherited)",
					"@executable_path/Frameworks",
					"@loader_path/Frameworks",
				);
				MARKETING_VERSION = 1.0;
				PRODUCT_BUNDLE_IDENTIFIER = app.cooklog.CookLogTests;
				PRODUCT_NAME = "$(TARGET_NAME)";
				SWIFT_EMIT_LOC_STRINGS = NO;
				SWIFT_VERSION = 5.0;
				TARGETED_DEVICE_FAMILY = "1,2";
				TEST_HOST = "$(BUILT_PRODUCTS_DIR)/CookLog.app/$(BUNDLE_EXECUTABLE_FOLDER_PATH)/CookLog";
			};
			name = Release;
		};
/* End XCBuildConfiguration section */

/* Begin XCConfigurationList section */
		10B1A1002C28A00100000001 /* Build configuration list for PBXNativeTarget "CookLog" */ = {
			isa = XCConfigurationList;
			buildConfigurations = (
				10B1A1322C28A00100000001 /* Debug */,
				10B1A1332C28A00100000001 /* Release */,
			);
			defaultConfigurationIsVisible = 0;
			defaultConfigurationName = Release;
		};
		10B1A1102C28A00100000001 /* Build configuration list for PBXNativeTarget "CookLogTests" */ = {
			isa = XCConfigurationList;
			buildConfigurations = (
				10B1A1342C28A00100000001 /* Debug */,
				10B1A1352C28A00100000001 /* Release */,
			);
			defaultConfigurationIsVisible = 0;
			defaultConfigurationName = Release;
		};
		10B1A1202C28A00100000001 /* Build configuration list for PBXProject "CookLog" */ = {
			isa = XCConfigurationList;
			buildConfigurations = (
				10B1A1302C28A00100000001 /* Debug */,
				10B1A1312C28A00100000001 /* Release */,
			);
			defaultConfigurationIsVisible = 0;
			defaultConfigurationName = Release;
		};
/* End XCConfigurationList section */
	};
	rootObject = 10B1A0302C28A00100000001 /* Project object */;
}
